// !$*UTF8*$!
{
	archiveVersion = 1;
	classes = {
	};
	objectVersion = 55;
	objects = {

/* Begin PBXBuildFile section */
		02B0919827551D1300E9CF1A /* API.swift in Sources */ = {isa = PBXBuildFile; fileRef = 02B0919727551D1300E9CF1A /* API.swift */; };
		02B0919E27590C7D00E9CF1A /* CountryTableViewHeader.swift in Sources */ = {isa = PBXBuildFile; fileRef = 02B0919D27590C7D00E9CF1A /* CountryTableViewHeader.swift */; };
		02B091AF27620B8800E9CF1A /* PublicConstants.swift in Sources */ = {isa = PBXBuildFile; fileRef = 02B091AE27620B8800E9CF1A /* PublicConstants.swift */; };
		02FF1CB72747BE0A009397BF /* AppDelegate.swift in Sources */ = {isa = PBXBuildFile; fileRef = 02FF1CB62747BE0A009397BF /* AppDelegate.swift */; };
		02FF1CB92747BE0A009397BF /* SceneDelegate.swift in Sources */ = {isa = PBXBuildFile; fileRef = 02FF1CB82747BE0A009397BF /* SceneDelegate.swift */; };
		02FF1CBB2747BE0A009397BF /* DetailsViewController.swift in Sources */ = {isa = PBXBuildFile; fileRef = 02FF1CBA2747BE0A009397BF /* DetailsViewController.swift */; };
		02FF1CC02747BE0C009397BF /* Assets.xcassets in Resources */ = {isa = PBXBuildFile; fileRef = 02FF1CBF2747BE0C009397BF /* Assets.xcassets */; };
		02FF1CC32747BE0C009397BF /* LaunchScreen.storyboard in Resources */ = {isa = PBXBuildFile; fileRef = 02FF1CC12747BE0C009397BF /* LaunchScreen.storyboard */; };
		02FF1CCE2747BE0C009397BF /* CountriesTests.swift in Sources */ = {isa = PBXBuildFile; fileRef = 02FF1CCD2747BE0C009397BF /* CountriesTests.swift */; };
		02FF1CD82747BE0C009397BF /* CountriesUITests.swift in Sources */ = {isa = PBXBuildFile; fileRef = 02FF1CD72747BE0C009397BF /* CountriesUITests.swift */; };
		02FF1CDA2747BE0C009397BF /* CountriesUITestsLaunchTests.swift in Sources */ = {isa = PBXBuildFile; fileRef = 02FF1CD92747BE0C009397BF /* CountriesUITestsLaunchTests.swift */; };
		02FF1D27274CFF7D009397BF /* ListViewController.swift in Sources */ = {isa = PBXBuildFile; fileRef = 02FF1D26274CFF7D009397BF /* ListViewController.swift */; };
		02FF1D34274E6F6A009397BF /* Apollo in Frameworks */ = {isa = PBXBuildFile; productRef = 02FF1D33274E6F6A009397BF /* Apollo */; };
		02FF1D39274EECA8009397BF /* Apollo.swift in Sources */ = {isa = PBXBuildFile; fileRef = 02FF1D38274EECA8009397BF /* Apollo.swift */; };
		02FF1D3B2750EFE3009397BF /* CountryTableViewCell.swift in Sources */ = {isa = PBXBuildFile; fileRef = 02FF1D3A2750EFE3009397BF /* CountryTableViewCell.swift */; };
/* End PBXBuildFile section */

/* Begin PBXContainerItemProxy section */
		02FF1CCA2747BE0C009397BF /* PBXContainerItemProxy */ = {
			isa = PBXContainerItemProxy;
			containerPortal = 02FF1CAB2747BE0A009397BF /* Project object */;
			proxyType = 1;
			remoteGlobalIDString = 02FF1CB22747BE0A009397BF;
			remoteInfo = Countries;
		};
		02FF1CD42747BE0C009397BF /* PBXContainerItemProxy */ = {
			isa = PBXContainerItemProxy;
			containerPortal = 02FF1CAB2747BE0A009397BF /* Project object */;
			proxyType = 1;
			remoteGlobalIDString = 02FF1CB22747BE0A009397BF;
			remoteInfo = Countries;
		};
/* End PBXContainerItemProxy section */

/* Begin PBXFileReference section */
		02B0919727551D1300E9CF1A /* API.swift */ = {isa = PBXFileReference; fileEncoding = 4; lastKnownFileType = sourcecode.swift; path = API.swift; sourceTree = "<group>"; };
		02B0919D27590C7D00E9CF1A /* CountryTableViewHeader.swift */ = {isa = PBXFileReference; lastKnownFileType = sourcecode.swift; path = CountryTableViewHeader.swift; sourceTree = "<group>"; };
		02B091AE27620B8800E9CF1A /* PublicConstants.swift */ = {isa = PBXFileReference; lastKnownFileType = sourcecode.swift; path = PublicConstants.swift; sourceTree = "<group>"; };
		02FF1CB32747BE0A009397BF /* Countries.app */ = {isa = PBXFileReference; explicitFileType = wrapper.application; includeInIndex = 0; path = Countries.app; sourceTree = BUILT_PRODUCTS_DIR; };
		02FF1CB62747BE0A009397BF /* AppDelegate.swift */ = {isa = PBXFileReference; lastKnownFileType = sourcecode.swift; path = AppDelegate.swift; sourceTree = "<group>"; };
		02FF1CB82747BE0A009397BF /* SceneDelegate.swift */ = {isa = PBXFileReference; lastKnownFileType = sourcecode.swift; path = SceneDelegate.swift; sourceTree = "<group>"; };
		02FF1CBA2747BE0A009397BF /* DetailsViewController.swift */ = {isa = PBXFileReference; lastKnownFileType = sourcecode.swift; path = DetailsViewController.swift; sourceTree = "<group>"; };
		02FF1CBF2747BE0C009397BF /* Assets.xcassets */ = {isa = PBXFileReference; lastKnownFileType = folder.assetcatalog; path = Assets.xcassets; sourceTree = "<group>"; };
		02FF1CC22747BE0C009397BF /* Base */ = {isa = PBXFileReference; lastKnownFileType = file.storyboard; name = Base; path = Base.lproj/LaunchScreen.storyboard; sourceTree = "<group>"; };
		02FF1CC42747BE0C009397BF /* Info.plist */ = {isa = PBXFileReference; lastKnownFileType = text.plist.xml; path = Info.plist; sourceTree = "<group>"; };
		02FF1CC92747BE0C009397BF /* CountriesTests.xctest */ = {isa = PBXFileReference; explicitFileType = wrapper.cfbundle; includeInIndex = 0; path = CountriesTests.xctest; sourceTree = BUILT_PRODUCTS_DIR; };
		02FF1CCD2747BE0C009397BF /* CountriesTests.swift */ = {isa = PBXFileReference; lastKnownFileType = sourcecode.swift; path = CountriesTests.swift; sourceTree = "<group>"; };
		02FF1CD32747BE0C009397BF /* CountriesUITests.xctest */ = {isa = PBXFileReference; explicitFileType = wrapper.cfbundle; includeInIndex = 0; path = CountriesUITests.xctest; sourceTree = BUILT_PRODUCTS_DIR; };
		02FF1CD72747BE0C009397BF /* CountriesUITests.swift */ = {isa = PBXFileReference; lastKnownFileType = sourcecode.swift; path = CountriesUITests.swift; sourceTree = "<group>"; };
		02FF1CD92747BE0C009397BF /* CountriesUITestsLaunchTests.swift */ = {isa = PBXFileReference; lastKnownFileType = sourcecode.swift; path = CountriesUITestsLaunchTests.swift; sourceTree = "<group>"; };
		02FF1D26274CFF7D009397BF /* ListViewController.swift */ = {isa = PBXFileReference; lastKnownFileType = sourcecode.swift; path = ListViewController.swift; sourceTree = "<group>"; };
		02FF1D38274EECA8009397BF /* Apollo.swift */ = {isa = PBXFileReference; lastKnownFileType = sourcecode.swift; path = Apollo.swift; sourceTree = "<group>"; };
		02FF1D3A2750EFE3009397BF /* CountryTableViewCell.swift */ = {isa = PBXFileReference; lastKnownFileType = sourcecode.swift; path = CountryTableViewCell.swift; sourceTree = "<group>"; };
/* End PBXFileReference section */

/* Begin PBXFrameworksBuildPhase section */
		02FF1CB02747BE0A009397BF /* Frameworks */ = {
			isa = PBXFrameworksBuildPhase;
			buildActionMask = 2147483647;
			files = (
				02FF1D34274E6F6A009397BF /* Apollo in Frameworks */,
			);
			runOnlyForDeploymentPostprocessing = 0;
		};
		02FF1CC62747BE0C009397BF /* Frameworks */ = {
			isa = PBXFrameworksBuildPhase;
			buildActionMask = 2147483647;
			files = (
			);
			runOnlyForDeploymentPostprocessing = 0;
		};
		02FF1CD02747BE0C009397BF /* Frameworks */ = {
			isa = PBXFrameworksBuildPhase;
			buildActionMask = 2147483647;
			files = (
			);
			runOnlyForDeploymentPostprocessing = 0;
		};
/* End PBXFrameworksBuildPhase section */

/* Begin PBXGroup section */
		02B091B027620EA200E9CF1A /* Delegates */ = {
			isa = PBXGroup;
			children = (
				02FF1CB82747BE0A009397BF /* SceneDelegate.swift */,
				02FF1CB62747BE0A009397BF /* AppDelegate.swift */,
			);
			path = Delegates;
			sourceTree = "<group>";
		};
		02B091B127620EC100E9CF1A /* API */ = {
			isa = PBXGroup;
			children = (
				02B0919727551D1300E9CF1A /* API.swift */,
				02FF1D38274EECA8009397BF /* Apollo.swift */,
			);
			path = API;
			sourceTree = "<group>";
		};
		02B091B227620ED800E9CF1A /* Headers */ = {
			isa = PBXGroup;
			children = (
				02B0919D27590C7D00E9CF1A /* CountryTableViewHeader.swift */,
			);
			path = Headers;
			sourceTree = "<group>";
		};
		02B091B32762100200E9CF1A /* FirstScreen */ = {
			isa = PBXGroup;
			children = (
				02FF1D3A2750EFE3009397BF /* CountryTableViewCell.swift */,
				02FF1D26274CFF7D009397BF /* ListViewController.swift */,
			);
			path = FirstScreen;
			sourceTree = "<group>";
		};
		02FF1CAA2747BE0A009397BF = {
			isa = PBXGroup;
			children = (
				02FF1CB52747BE0A009397BF /* Countries */,
				02FF1CCC2747BE0C009397BF /* CountriesTests */,
				02FF1CD62747BE0C009397BF /* CountriesUITests */,
				02FF1CB42747BE0A009397BF /* Products */,
			);
			sourceTree = "<group>";
		};
		02FF1CB42747BE0A009397BF /* Products */ = {
			isa = PBXGroup;
			children = (
				02FF1CB32747BE0A009397BF /* Countries.app */,
				02FF1CC92747BE0C009397BF /* CountriesTests.xctest */,
				02FF1CD32747BE0C009397BF /* CountriesUITests.xctest */,
			);
			name = Products;
			sourceTree = "<group>";
		};
		02FF1CB52747BE0A009397BF /* Countries */ = {
			isa = PBXGroup;
			children = (
				02B091B227620ED800E9CF1A /* Headers */,
				02B091B127620EC100E9CF1A /* API */,
				02B091B027620EA200E9CF1A /* Delegates */,
				02B091B32762100200E9CF1A /* FirstScreen */,
				02FF1CBA2747BE0A009397BF /* DetailsViewController.swift */,
				02B091AE27620B8800E9CF1A /* PublicConstants.swift */,
				02FF1CBF2747BE0C009397BF /* Assets.xcassets */,
				02FF1CC12747BE0C009397BF /* LaunchScreen.storyboard */,
				02FF1CC42747BE0C009397BF /* Info.plist */,
			);
			path = Countries;
			sourceTree = "<group>";
		};
		02FF1CCC2747BE0C009397BF /* CountriesTests */ = {
			isa = PBXGroup;
			children = (
				02FF1CCD2747BE0C009397BF /* CountriesTests.swift */,
			);
			path = CountriesTests;
			sourceTree = "<group>";
		};
		02FF1CD62747BE0C009397BF /* CountriesUITests */ = {
			isa = PBXGroup;
			children = (
				02FF1CD72747BE0C009397BF /* CountriesUITests.swift */,
				02FF1CD92747BE0C009397BF /* CountriesUITestsLaunchTests.swift */,
			);
			path = CountriesUITests;
			sourceTree = "<group>";
		};
/* End PBXGroup section */

/* Begin PBXNativeTarget section */
		02FF1CB22747BE0A009397BF /* Countries */ = {
			isa = PBXNativeTarget;
			buildConfigurationList = 02FF1CDD2747BE0C009397BF /* Build configuration list for PBXNativeTarget "Countries" */;
			buildPhases = (
				02FF1D35274E8C02009397BF /* Generate Apollo GraphQL API */,
				02FF1CAF2747BE0A009397BF /* Sources */,
				02FF1CB02747BE0A009397BF /* Frameworks */,
				02FF1CB12747BE0A009397BF /* Resources */,
			);
			buildRules = (
			);
			dependencies = (
			);
			name = Countries;
			packageProductDependencies = (
				02FF1D33274E6F6A009397BF /* Apollo */,
			);
			productName = Countries;
			productReference = 02FF1CB32747BE0A009397BF /* Countries.app */;
			productType = "com.apple.product-type.application";
		};
		02FF1CC82747BE0C009397BF /* CountriesTests */ = {
			isa = PBXNativeTarget;
			buildConfigurationList = 02FF1CE02747BE0C009397BF /* Build configuration list for PBXNativeTarget "CountriesTests" */;
			buildPhases = (
				02FF1CC52747BE0C009397BF /* Sources */,
				02FF1CC62747BE0C009397BF /* Frameworks */,
				02FF1CC72747BE0C009397BF /* Resources */,
			);
			buildRules = (
			);
			dependencies = (
				02FF1CCB2747BE0C009397BF /* PBXTargetDependency */,
			);
			name = CountriesTests;
			productName = CountriesTests;
			productReference = 02FF1CC92747BE0C009397BF /* CountriesTests.xctest */;
			productType = "com.apple.product-type.bundle.unit-test";
		};
		02FF1CD22747BE0C009397BF /* CountriesUITests */ = {
			isa = PBXNativeTarget;
			buildConfigurationList = 02FF1CE32747BE0C009397BF /* Build configuration list for PBXNativeTarget "CountriesUITests" */;
			buildPhases = (
				02FF1CCF2747BE0C009397BF /* Sources */,
				02FF1CD02747BE0C009397BF /* Frameworks */,
				02FF1CD12747BE0C009397BF /* Resources */,
			);
			buildRules = (
			);
			dependencies = (
				02FF1CD52747BE0C009397BF /* PBXTargetDependency */,
			);
			name = CountriesUITests;
			productName = CountriesUITests;
			productReference = 02FF1CD32747BE0C009397BF /* CountriesUITests.xctest */;
			productType = "com.apple.product-type.bundle.ui-testing";
		};
/* End PBXNativeTarget section */

/* Begin PBXProject section */
		02FF1CAB2747BE0A009397BF /* Project object */ = {
			isa = PBXProject;
			attributes = {
				BuildIndependentTargetsInParallel = 1;
				LastSwiftUpdateCheck = 1310;
				LastUpgradeCheck = 1310;
				TargetAttributes = {
					02FF1CB22747BE0A009397BF = {
						CreatedOnToolsVersion = 13.1;
					};
					02FF1CC82747BE0C009397BF = {
						CreatedOnToolsVersion = 13.1;
						TestTargetID = 02FF1CB22747BE0A009397BF;
					};
					02FF1CD22747BE0C009397BF = {
						CreatedOnToolsVersion = 13.1;
						TestTargetID = 02FF1CB22747BE0A009397BF;
					};
				};
			};
			buildConfigurationList = 02FF1CAE2747BE0A009397BF /* Build configuration list for PBXProject "Countries" */;
			compatibilityVersion = "Xcode 13.0";
			developmentRegion = en;
			hasScannedForEncodings = 0;
			knownRegions = (
				en,
				Base,
			);
			mainGroup = 02FF1CAA2747BE0A009397BF;
			packageReferences = (
				02FF1D32274E6F6A009397BF /* XCRemoteSwiftPackageReference "apollo-ios" */,
			);
			productRefGroup = 02FF1CB42747BE0A009397BF /* Products */;
			projectDirPath = "";
			projectRoot = "";
			targets = (
				02FF1CB22747BE0A009397BF /* Countries */,
				02FF1CC82747BE0C009397BF /* CountriesTests */,
				02FF1CD22747BE0C009397BF /* CountriesUITests */,
			);
		};
/* End PBXProject section */

/* Begin PBXResourcesBuildPhase section */
		02FF1CB12747BE0A009397BF /* Resources */ = {
			isa = PBXResourcesBuildPhase;
			buildActionMask = 2147483647;
			files = (
				02FF1CC32747BE0C009397BF /* LaunchScreen.storyboard in Resources */,
				02FF1CC02747BE0C009397BF /* Assets.xcassets in Resources */,
			);
			runOnlyForDeploymentPostprocessing = 0;
		};
		02FF1CC72747BE0C009397BF /* Resources */ = {
			isa = PBXResourcesBuildPhase;
			buildActionMask = 2147483647;
			files = (
			);
			runOnlyForDeploymentPostprocessing = 0;
		};
		02FF1CD12747BE0C009397BF /* Resources */ = {
			isa = PBXResourcesBuildPhase;
			buildActionMask = 2147483647;
			files = (
			);
			runOnlyForDeploymentPostprocessing = 0;
		};
/* End PBXResourcesBuildPhase section */

/* Begin PBXShellScriptBuildPhase section */
		02FF1D35274E8C02009397BF /* Generate Apollo GraphQL API */ = {
			isa = PBXShellScriptBuildPhase;
			buildActionMask = 2147483647;
			files = (
			);
			inputFileListPaths = (
			);
			inputPaths = (
			);
			name = "Generate Apollo GraphQL API";
			outputFileListPaths = (
			);
			outputPaths = (
			);
			runOnlyForDeploymentPostprocessing = 0;
			shellPath = /bin/sh;
			shellScript = "# Go to the build root and search up the chain to find the \n# Derived Data Path where the source packages are checked out.\nDERIVED_DATA_CANDIDATE=\"${BUILD_ROOT}\"\n\nwhile ! [ -d \"${DERIVED_DATA_CANDIDATE}/SourcePackages\" ]; do\n  if [ \"${DERIVED_DATA_CANDIDATE}\" = / ]; then\n    echo >&2 \"error: Unable to locate SourcePackages directory from BUILD_ROOT: '${BUILD_ROOT}'\"\n    exit 1\n  fi\n\n  DERIVED_DATA_CANDIDATE=\"$(dirname \"${DERIVED_DATA_CANDIDATE}\")\"\ndone\n\n# Grab a reference to the directory where scripts are checked out\nSCRIPT_PATH=\"${DERIVED_DATA_CANDIDATE}/SourcePackages/checkouts/apollo-ios/scripts\"\n\nif [ -z \"${SCRIPT_PATH}\" ]; then\n    echo >&2 \"error: Couldn't find the CLI script in your checked out SPM packages; make sure to add the framework to your project.\"\n    exit 1\nfi\n\ncd \"${SRCROOT}/${TARGET_NAME}\"\n\"${SCRIPT_PATH}\"/run-bundled-codegen.sh codegen:generate --target=swift --includes=./**/*.graphql --localSchemaFile=\"schema.json\" API.swift\n";
		};
/* End PBXShellScriptBuildPhase section */

/* Begin PBXSourcesBuildPhase section */
		02FF1CAF2747BE0A009397BF /* Sources */ = {
			isa = PBXSourcesBuildPhase;
			buildActionMask = 2147483647;
			files = (
				02B0919E27590C7D00E9CF1A /* CountryTableViewHeader.swift in Sources */,
				02B091AF27620B8800E9CF1A /* PublicConstants.swift in Sources */,
				02FF1CBB2747BE0A009397BF /* DetailsViewController.swift in Sources */,
				02FF1CB72747BE0A009397BF /* AppDelegate.swift in Sources */,
				02FF1D27274CFF7D009397BF /* ListViewController.swift in Sources */,
				02FF1CB92747BE0A009397BF /* SceneDelegate.swift in Sources */,
				02FF1D39274EECA8009397BF /* Apollo.swift in Sources */,
				02FF1D3B2750EFE3009397BF /* CountryTableViewCell.swift in Sources */,
				02B0919827551D1300E9CF1A /* API.swift in Sources */,
			);
			runOnlyForDeploymentPostprocessing = 0;
		};
		02FF1CC52747BE0C009397BF /* Sources */ = {
			isa = PBXSourcesBuildPhase;
			buildActionMask = 2147483647;
			files = (
				02FF1CCE2747BE0C009397BF /* CountriesTests.swift in Sources */,
			);
			runOnlyForDeploymentPostprocessing = 0;
		};
		02FF1CCF2747BE0C009397BF /* Sources */ = {
			isa = PBXSourcesBuildPhase;
			buildActionMask = 2147483647;
			files = (
				02FF1CD82747BE0C009397BF /* CountriesUITests.swift in Sources */,
				02FF1CDA2747BE0C009397BF /* CountriesUITestsLaunchTests.swift in Sources */,
			);
			runOnlyForDeploymentPostprocessing = 0;
		};
/* End PBXSourcesBuildPhase section */

/* Begin PBXTargetDependency section */
		02FF1CCB2747BE0C009397BF /* PBXTargetDependency */ = {
			isa = PBXTargetDependency;
			target = 02FF1CB22747BE0A009397BF /* Countries */;
			targetProxy = 02FF1CCA2747BE0C009397BF /* PBXContainerItemProxy */;
		};
		02FF1CD52747BE0C009397BF /* PBXTargetDependency */ = {
			isa = PBXTargetDependency;
			target = 02FF1CB22747BE0A009397BF /* Countries */;
			targetProxy = 02FF1CD42747BE0C009397BF /* PBXContainerItemProxy */;
		};
/* End PBXTargetDependency section */

/* Begin PBXVariantGroup section */
		02FF1CC12747BE0C009397BF /* LaunchScreen.storyboard */ = {
			isa = PBXVariantGroup;
			children = (
				02FF1CC22747BE0C009397BF /* Base */,
			);
			name = LaunchScreen.storyboard;
			sourceTree = "<group>";
		};
/* End PBXVariantGroup section */

/* Begin XCBuildConfiguration section */
		02FF1CDB2747BE0C009397BF /* Debug */ = {
			isa = XCBuildConfiguration;
			buildSettings = {
				ALWAYS_SEARCH_USER_PATHS = NO;
				CLANG_ANALYZER_NONNULL = YES;
				CLANG_ANALYZER_NUMBER_OBJECT_CONVERSION = YES_AGGRESSIVE;
				CLANG_CXX_LANGUAGE_STANDARD = "gnu++17";
				CLANG_CXX_LIBRARY = "libc++";
				CLANG_ENABLE_MODULES = YES;
				CLANG_ENABLE_OBJC_ARC = YES;
				CLANG_ENABLE_OBJC_WEAK = YES;
				CLANG_WARN_BLOCK_CAPTURE_AUTORELEASING = YES;
				CLANG_WARN_BOOL_CONVERSION = YES;
				CLANG_WARN_COMMA = YES;
				CLANG_WARN_CONSTANT_CONVERSION = YES;
				CLANG_WARN_DEPRECATED_OBJC_IMPLEMENTATIONS = YES;
				CLANG_WARN_DIRECT_OBJC_ISA_USAGE = YES_ERROR;
				CLANG_WARN_DOCUMENTATION_COMMENTS = YES;
				CLANG_WARN_EMPTY_BODY = YES;
				CLANG_WARN_ENUM_CONVERSION = YES;
				CLANG_WARN_INFINITE_RECURSION = YES;
				CLANG_WARN_INT_CONVERSION = YES;
				CLANG_WARN_NON_LITERAL_NULL_CONVERSION = YES;
				CLANG_WARN_OBJC_IMPLICIT_RETAIN_SELF = YES;
				CLANG_WARN_OBJC_LITERAL_CONVERSION = YES;
				CLANG_WARN_OBJC_ROOT_CLASS = YES_ERROR;
				CLANG_WARN_QUOTED_INCLUDE_IN_FRAMEWORK_HEADER = YES;
				CLANG_WARN_RANGE_LOOP_ANALYSIS = YES;
				CLANG_WARN_STRICT_PROTOTYPES = YES;
				CLANG_WARN_SUSPICIOUS_MOVE = YES;
				CLANG_WARN_UNGUARDED_AVAILABILITY = YES_AGGRESSIVE;
				CLANG_WARN_UNREACHABLE_CODE = YES;
				CLANG_WARN__DUPLICATE_METHOD_MATCH = YES;
				COPY_PHASE_STRIP = NO;
				DEBUG_INFORMATION_FORMAT = dwarf;
				ENABLE_STRICT_OBJC_MSGSEND = YES;
				ENABLE_TESTABILITY = YES;
				GCC_C_LANGUAGE_STANDARD = gnu11;
				GCC_DYNAMIC_NO_PIC = NO;
				GCC_NO_COMMON_BLOCKS = YES;
				GCC_OPTIMIZATION_LEVEL = 0;
				GCC_PREPROCESSOR_DEFINITIONS = (
					"DEBUG=1",
					"$(inherited)",
				);
				GCC_WARN_64_TO_32_BIT_CONVERSION = YES;
				GCC_WARN_ABOUT_RETURN_TYPE = YES_ERROR;
				GCC_WARN_UNDECLARED_SELECTOR = YES;
				GCC_WARN_UNINITIALIZED_AUTOS = YES_AGGRESSIVE;
				GCC_WARN_UNUSED_FUNCTION = YES;
				GCC_WARN_UNUSED_VARIABLE = YES;
				IPHONEOS_DEPLOYMENT_TARGET = 14.0;
				MTL_ENABLE_DEBUG_INFO = INCLUDE_SOURCE;
				MTL_FAST_MATH = YES;
				ONLY_ACTIVE_ARCH = YES;
				SDKROOT = iphoneos;
				SWIFT_ACTIVE_COMPILATION_CONDITIONS = DEBUG;
				SWIFT_OPTIMIZATION_LEVEL = "-Onone";
			};
			name = Debug;
		};
		02FF1CDC2747BE0C009397BF /* Release */ = {
			isa = XCBuildConfiguration;
			buildSettings = {
				ALWAYS_SEARCH_USER_PATHS = NO;
				CLANG_ANALYZER_NONNULL = YES;
				CLANG_ANALYZER_NUMBER_OBJECT_CONVERSION = YES_AGGRESSIVE;
				CLANG_CXX_LANGUAGE_STANDARD = "gnu++17";
				CLANG_CXX_LIBRARY = "libc++";
				CLANG_ENABLE_MODULES = YES;
				CLANG_ENABLE_OBJC_ARC = YES;
				CLANG_ENABLE_OBJC_WEAK = YES;
				CLANG_WARN_BLOCK_CAPTURE_AUTORELEASING = YES;
				CLANG_WARN_BOOL_CONVERSION = YES;
				CLANG_WARN_COMMA = YES;
				CLANG_WARN_CONSTANT_CONVERSION = YES;
				CLANG_WARN_DEPRECATED_OBJC_IMPLEMENTATIONS = YES;
				CLANG_WARN_DIRECT_OBJC_ISA_USAGE = YES_ERROR;
				CLANG_WARN_DOCUMENTATION_COMMENTS = YES;
				CLANG_WARN_EMPTY_BODY = YES;
				CLANG_WARN_ENUM_CONVERSION = YES;
				CLANG_WARN_INFINITE_RECURSION = YES;
				CLANG_WARN_INT_CONVERSION = YES;
				CLANG_WARN_NON_LITERAL_NULL_CONVERSION = YES;
				CLANG_WARN_OBJC_IMPLICIT_RETAIN_SELF = YES;
				CLANG_WARN_OBJC_LITERAL_CONVERSION = YES;
				CLANG_WARN_OBJC_ROOT_CLASS = YES_ERROR;
				CLANG_WARN_QUOTED_INCLUDE_IN_FRAMEWORK_HEADER = YES;
				CLANG_WARN_RANGE_LOOP_ANALYSIS = YES;
				CLANG_WARN_STRICT_PROTOTYPES = YES;
				CLANG_WARN_SUSPICIOUS_MOVE = YES;
				CLANG_WARN_UNGUARDED_AVAILABILITY = YES_AGGRESSIVE;
				CLANG_WARN_UNREACHABLE_CODE = YES;
				CLANG_WARN__DUPLICATE_METHOD_MATCH = YES;
				COPY_PHASE_STRIP = NO;
				DEBUG_INFORMATION_FORMAT = "dwarf-with-dsym";
				ENABLE_NS_ASSERTIONS = NO;
				ENABLE_STRICT_OBJC_MSGSEND = YES;
				GCC_C_LANGUAGE_STANDARD = gnu11;
				GCC_NO_COMMON_BLOCKS = YES;
				GCC_WARN_64_TO_32_BIT_CONVERSION = YES;
				GCC_WARN_ABOUT_RETURN_TYPE = YES_ERROR;
				GCC_WARN_UNDECLARED_SELECTOR = YES;
				GCC_WARN_UNINITIALIZED_AUTOS = YES_AGGRESSIVE;
				GCC_WARN_UNUSED_FUNCTION = YES;
				GCC_WARN_UNUSED_VARIABLE = YES;
				IPHONEOS_DEPLOYMENT_TARGET = 14.0;
				MTL_ENABLE_DEBUG_INFO = NO;
				MTL_FAST_MATH = YES;
				SDKROOT = iphoneos;
				SWIFT_COMPILATION_MODE = wholemodule;
				SWIFT_OPTIMIZATION_LEVEL = "-O";
				VALIDATE_PRODUCT = YES;
			};
			name = Release;
		};
		02FF1CDE2747BE0C009397BF /* Debug */ = {
			isa = XCBuildConfiguration;
			buildSettings = {
				ASSETCATALOG_COMPILER_APPICON_NAME = AppIcon;
				ASSETCATALOG_COMPILER_GLOBAL_ACCENT_COLOR_NAME = AccentColor;
				CODE_SIGN_STYLE = Automatic;
				CURRENT_PROJECT_VERSION = 1;
				GENERATE_INFOPLIST_FILE = YES;
				INFOPLIST_FILE = Countries/Info.plist;
				INFOPLIST_KEY_UIApplicationSupportsIndirectInputEvents = YES;
				INFOPLIST_KEY_UILaunchStoryboardName = LaunchScreen;
				INFOPLIST_KEY_UISupportedInterfaceOrientations = "UIInterfaceOrientationPortrait UIInterfaceOrientationLandscapeLeft UIInterfaceOrientationLandscapeRight";
				INFOPLIST_KEY_UISupportedInterfaceOrientations_iPad = "UIInterfaceOrientationPortrait UIInterfaceOrientationPortraitUpsideDown UIInterfaceOrientationLandscapeLeft UIInterfaceOrientationLandscapeRight";
				INFOPLIST_KEY_UISupportedInterfaceOrientations_iPhone = "UIInterfaceOrientationPortrait UIInterfaceOrientationLandscapeLeft UIInterfaceOrientationLandscapeRight";
				IPHONEOS_DEPLOYMENT_TARGET = 14.0;
				LD_RUNPATH_SEARCH_PATHS = (
					"$(inherited)",
					"@executable_path/Frameworks",
				);
				MARKETING_VERSION = 1.0;
				PRODUCT_BUNDLE_IDENTIFIER = kris.Countries;
				PRODUCT_NAME = "$(TARGET_NAME)";
				SWIFT_EMIT_LOC_STRINGS = YES;
				SWIFT_VERSION = 5.0;
				TARGETED_DEVICE_FAMILY = "1,2";
			};
			name = Debug;
		};
		02FF1CDF2747BE0C009397BF /* Release */ = {
			isa = XCBuildConfiguration;
			buildSettings = {
				ASSETCATALOG_COMPILER_APPICON_NAME = AppIcon;
				ASSETCATALOG_COMPILER_GLOBAL_ACCENT_COLOR_NAME = AccentColor;
				CODE_SIGN_STYLE = Automatic;
				CURRENT_PROJECT_VERSION = 1;
				GENERATE_INFOPLIST_FILE = YES;
				INFOPLIST_FILE = Countries/Info.plist;
				INFOPLIST_KEY_UIApplicationSupportsIndirectInputEvents = YES;
				INFOPLIST_KEY_UILaunchStoryboardName = LaunchScreen;
				INFOPLIST_KEY_UISupportedInterfaceOrientations = "UIInterfaceOrientationPortrait UIInterfaceOrientationLandscapeLeft UIInterfaceOrientationLandscapeRight";
				INFOPLIST_KEY_UISupportedInterfaceOrientations_iPad = "UIInterfaceOrientationPortrait UIInterfaceOrientationPortraitUpsideDown UIInterfaceOrientationLandscapeLeft UIInterfaceOrientationLandscapeRight";
				INFOPLIST_KEY_UISupportedInterfaceOrientations_iPhone = "UIInterfaceOrientationPortrait UIInterfaceOrientationLandscapeLeft UIInterfaceOrientationLandscapeRight";
				IPHONEOS_DEPLOYMENT_TARGET = 14.0;
				LD_RUNPATH_SEARCH_PATHS = (
					"$(inherited)",
					"@executable_path/Frameworks",
				);
				MARKETING_VERSION = 1.0;
				PRODUCT_BUNDLE_IDENTIFIER = kris.Countries;
				PRODUCT_NAME = "$(TARGET_NAME)";
				SWIFT_EMIT_LOC_STRINGS = YES;
				SWIFT_VERSION = 5.0;
				TARGETED_DEVICE_FAMILY = "1,2";
			};
			name = Release;
		};
		02FF1CE12747BE0C009397BF /* Debug */ = {
			isa = XCBuildConfiguration;
			buildSettings = {
				ALWAYS_EMBED_SWIFT_STANDARD_LIBRARIES = YES;
				BUNDLE_LOADER = "$(TEST_HOST)";
				CODE_SIGN_STYLE = Automatic;
				CURRENT_PROJECT_VERSION = 1;
				GENERATE_INFOPLIST_FILE = YES;
				IPHONEOS_DEPLOYMENT_TARGET = 15.0;
				LD_RUNPATH_SEARCH_PATHS = (
					"$(inherited)",
					"@executable_path/Frameworks",
					"@loader_path/Frameworks",
				);
				MARKETING_VERSION = 1.0;
				PRODUCT_BUNDLE_IDENTIFIER = kris.CountriesTests;
				PRODUCT_NAME = "$(TARGET_NAME)";
				SWIFT_EMIT_LOC_STRINGS = NO;
				SWIFT_VERSION = 5.0;
				TARGETED_DEVICE_FAMILY = "1,2";
				TEST_HOST = "$(BUILT_PRODUCTS_DIR)/Countries.app/Countries";
			};
			name = Debug;
		};
		02FF1CE22747BE0C009397BF /* Release */ = {
			isa = XCBuildConfiguration;
			buildSettings = {
				ALWAYS_EMBED_SWIFT_STANDARD_LIBRARIES = YES;
				BUNDLE_LOADER = "$(TEST_HOST)";
				CODE_SIGN_STYLE = Automatic;
				CURRENT_PROJECT_VERSION = 1;
				GENERATE_INFOPLIST_FILE = YES;
				IPHONEOS_DEPLOYMENT_TARGET = 15.0;
				LD_RUNPATH_SEARCH_PATHS = (
					"$(inherited)",
					"@executable_path/Frameworks",
					"@loader_path/Frameworks",
				);
				MARKETING_VERSION = 1.0;
				PRODUCT_BUNDLE_IDENTIFIER = kris.CountriesTests;
				PRODUCT_NAME = "$(TARGET_NAME)";
				SWIFT_EMIT_LOC_STRINGS = NO;
				SWIFT_VERSION = 5.0;
				TARGETED_DEVICE_FAMILY = "1,2";
				TEST_HOST = "$(BUILT_PRODUCTS_DIR)/Countries.app/Countries";
			};
			name = Release;
		};
		02FF1CE42747BE0C009397BF /* Debug */ = {
			isa = XCBuildConfiguration;
			buildSettings = {
				ALWAYS_EMBED_SWIFT_STANDARD_LIBRARIES = YES;
				CODE_SIGN_STYLE = Automatic;
				CURRENT_PROJECT_VERSION = 1;
				GENERATE_INFOPLIST_FILE = YES;
				LD_RUNPATH_SEARCH_PATHS = (
					"$(inherited)",
					"@executable_path/Frameworks",
					"@loader_path/Frameworks",
				);
				MARKETING_VERSION = 1.0;
				PRODUCT_BUNDLE_IDENTIFIER = kris.CountriesUITests;
				PRODUCT_NAME = "$(TARGET_NAME)";
				SWIFT_EMIT_LOC_STRINGS = NO;
				SWIFT_VERSION = 5.0;
				TARGETED_DEVICE_FAMILY = "1,2";
				TEST_TARGET_NAME = Countries;
			};
			name = Debug;
		};
		02FF1CE52747BE0C009397BF /* Release */ = {
			isa = XCBuildConfiguration;
			buildSettings = {
				ALWAYS_EMBED_SWIFT_STANDARD_LIBRARIES = YES;
				CODE_SIGN_STYLE = Automatic;
				CURRENT_PROJECT_VERSION = 1;
				GENERATE_INFOPLIST_FILE = YES;
				LD_RUNPATH_SEARCH_PATHS = (
					"$(inherited)",
					"@executable_path/Frameworks",
					"@loader_path/Frameworks",
				);
				MARKETING_VERSION = 1.0;
				PRODUCT_BUNDLE_IDENTIFIER = kris.CountriesUITests;
				PRODUCT_NAME = "$(TARGET_NAME)";
				SWIFT_EMIT_LOC_STRINGS = NO;
				SWIFT_VERSION = 5.0;
				TARGETED_DEVICE_FAMILY = "1,2";
				TEST_TARGET_NAME = Countries;
			};
			name = Release;
		};
/* End XCBuildConfiguration section */

/* Begin XCConfigurationList section */
		02FF1CAE2747BE0A009397BF /* Build configuration list for PBXProject "Countries" */ = {
			isa = XCConfigurationList;
			buildConfigurations = (
				02FF1CDB2747BE0C009397BF /* Debug */,
				02FF1CDC2747BE0C009397BF /* Release */,
			);
			defaultConfigurationIsVisible = 0;
			defaultConfigurationName = Release;
		};
		02FF1CDD2747BE0C009397BF /* Build configuration list for PBXNativeTarget "Countries" */ = {
			isa = XCConfigurationList;
			buildConfigurations = (
				02FF1CDE2747BE0C009397BF /* Debug */,
				02FF1CDF2747BE0C009397BF /* Release */,
			);
			defaultConfigurationIsVisible = 0;
			defaultConfigurationName = Release;
		};
		02FF1CE02747BE0C009397BF /* Build configuration list for PBXNativeTarget "CountriesTests" */ = {
			isa = XCConfigurationList;
			buildConfigurations = (
				02FF1CE12747BE0C009397BF /* Debug */,
				02FF1CE22747BE0C009397BF /* Release */,
			);
			defaultConfigurationIsVisible = 0;
			defaultConfigurationName = Release;
		};
		02FF1CE32747BE0C009397BF /* Build configuration list for PBXNativeTarget "CountriesUITests" */ = {
			isa = XCConfigurationList;
			buildConfigurations = (
				02FF1CE42747BE0C009397BF /* Debug */,
				02FF1CE52747BE0C009397BF /* Release */,
			);
			defaultConfigurationIsVisible = 0;
			defaultConfigurationName = Release;
		};
/* End XCConfigurationList section */

/* Begin XCRemoteSwiftPackageReference section */
		02FF1D32274E6F6A009397BF /* XCRemoteSwiftPackageReference "apollo-ios" */ = {
			isa = XCRemoteSwiftPackageReference;
			repositoryURL = "https://github.com/apollographql/apollo-ios.git";
			requirement = {
				branch = main;
				kind = branch;
			};
		};
/* End XCRemoteSwiftPackageReference section */

/* Begin XCSwiftPackageProductDependency section */
		02FF1D33274E6F6A009397BF /* Apollo */ = {
			isa = XCSwiftPackageProductDependency;
			package = 02FF1D32274E6F6A009397BF /* XCRemoteSwiftPackageReference "apollo-ios" */;
			productName = Apollo;
		};
/* End XCSwiftPackageProductDependency section */
	};
	rootObject = 02FF1CAB2747BE0A009397BF /* Project object */;
}
